{
  "name": "notepad-desktop",
  "version": "4.208.0",
  "lockfileVersion": 3,
  "requires": true,
  "packages": {
    "": {
      "name": "notepad-desktop",
      "version": "4.208.0",
      "dependencies": {
        "@lexical/clipboard": "0.51.0",
        "@lexical/code": "0.51.0",
        "@lexical/devtools-core": "0.51.0",
        "@lexical/dragon": "0.51.0",
        "@lexical/extension": "0.51.0",
        "@lexical/hashtag": "0.51.0",
        "@lexical/history": "0.51.0",
        "@lexical/html": "0.51.0",
        "@lexical/link": "0.51.0",
        "@lexical/list": "0.51.0",
        "@lexical/mark": "0.51.0",
        "@lexical/markdown": "0.51.0",
        "@lexical/overflow": "0.51.0",
        "@lexical/plain-text": "0.51.0",
        "@lexical/react": "0.51.0",
        "@lexical/rich-text": "0.51.0",
        "@lexical/selection": "0.51.0",
        "@lexical/table": "0.51.0",
        "@lexical/text": "0.51.0",
        "@lexical/utils": "0.51.0",
        "@lexical/yjs": "0.51.0",
        "d3": "^7.9.0",
        "docx": "^9.5.1",
        "highlight.js": "^11.11.1",
        "katex": "^0.16.11",
        "lexical": "0.51.0",
        "mammoth": "^1.11.0",
        "react": "^18.3.1",
        "react-dnd": "^16.0.1",
        "react-dnd-html5-backend": "^16.0.1",
        "react-dom": "^18.3.1",
        "turndown": "^7.2.2",
        "turndown-plugin-gfm": "^1.0.2",
        "word-extractor": "^1.0.4",
        "xlsx": "^0.18.5"
      },
      "devDependencies": {
        "@vitejs/plugin-react": "^4.3.0",
        "concurrently": "^8.2.2",
        "electron": "^31.0.0",
        "electron-builder": "24.13.3",
        "esbuild": "^0.21.5",
        "fast-check": "^4.5.3",
        "happy-dom": "^20.3.4",
        "jsdom": "^27.2.0",
        "react-dnd-test-backend": "^16.0.1",
        "vite": "^5.0.0",
        "vitest": "^1.6.0",
        "wait-on": "^7.2.0"
      }
    },
